// !$*UTF8*$!
{
	archiveVersion = 1;
	classes = {
	};
	objectVersion = 51;
	objects = {

/* Begin PBXBuildFile section */
		5A7EAA9C25FA535800D042E1 /* QuizGenerator.swift in Sources */ = {isa = PBXBuildFile; fileRef = 5A7EAA9B25FA535800D042E1 /* QuizGenerator.swift */; };
		A4E50323795A6145608CA25E /* Pods_Hidden_Women.framework in Frameworks */ = {isa = PBXBuildFile; fileRef = 705A41B9BC21EE8F556344AD /* Pods_Hidden_Women.framework */; };
		CB6826DE25FA172200A8190C /* QuizView.swift in Sources */ = {isa = PBXBuildFile; fileRef = CB6826DD25FA172200A8190C /* QuizView.swift */; };
		CB6826E225FA173600A8190C /* Quiz.swift in Sources */ = {isa = PBXBuildFile; fileRef = CB6826E125FA173600A8190C /* Quiz.swift */; };
		CB6826E525FA236200A8190C /* MultipleQuizView.swift in Sources */ = {isa = PBXBuildFile; fileRef = CB6826E425FA236200A8190C /* MultipleQuizView.swift */; };
		CB746FFD25F7FC62006795BB /* WomanView.swift in Sources */ = {isa = PBXBuildFile; fileRef = CB746FFC25F7FC62006795BB /* WomanView.swift */; };
		CB74700025F7FC91006795BB /* Woman.swift in Sources */ = {isa = PBXBuildFile; fileRef = CB746FFF25F7FC91006795BB /* Woman.swift */; };
		CB74700325F7FEF5006795BB /* WomenView.swift in Sources */ = {isa = PBXBuildFile; fileRef = CB74700225F7FEF5006795BB /* WomenView.swift */; };
		CB77369925FB79B000A5E550 /* TrueOrFalseGenerator.swift in Sources */ = {isa = PBXBuildFile; fileRef = CB77369825FB79B000A5E550 /* TrueOrFalseGenerator.swift */; };
		F53AA8B125F8B6D80045977A /* Localizable.strings in Resources */ = {isa = PBXBuildFile; fileRef = F53AA8B325F8B6D80045977A /* Localizable.strings */; };
		F53AA8BB25F8BD750045977A /* women.json in Resources */ = {isa = PBXBuildFile; fileRef = F53AA8BA25F8BD750045977A /* women.json */; };
		F53AA8BE25FA04890045977A /* SearchBarView.swift in Sources */ = {isa = PBXBuildFile; fileRef = F53AA8BD25FA04890045977A /* SearchBarView.swift */; };
		F53AA8C225FA0EA70045977A /* GuestWarningView.swift in Sources */ = {isa = PBXBuildFile; fileRef = F53AA8C125FA0EA70045977A /* GuestWarningView.swift */; };
		F560939625FAB246000E8560 /* GoogleService-Info.plist in Resources */ = {isa = PBXBuildFile; fileRef = F560939525FAB246000E8560 /* GoogleService-Info.plist */; };
		F560939A25FB6CB7000E8560 /* TrueOrFalseView.swift in Sources */ = {isa = PBXBuildFile; fileRef = F560939925FB6CB7000E8560 /* TrueOrFalseView.swift */; };
		F560939D25FB6CD0000E8560 /* TrueOrFalse.swift in Sources */ = {isa = PBXBuildFile; fileRef = F560939C25FB6CD0000E8560 /* TrueOrFalse.swift */; };
		F56093A025FB6F89000E8560 /* MultipleTrueOrFalseView.swift in Sources */ = {isa = PBXBuildFile; fileRef = F560939F25FB6F89000E8560 /* MultipleTrueOrFalseView.swift */; };
		F58710AD25F7611C00B47462 /* Hidden_WomenApp.swift in Sources */ = {isa = PBXBuildFile; fileRef = F58710AC25F7611C00B47462 /* Hidden_WomenApp.swift */; };
		F58710AF25F7611C00B47462 /* ContentView.swift in Sources */ = {isa = PBXBuildFile; fileRef = F58710AE25F7611C00B47462 /* ContentView.swift */; };
		F58710B125F7611D00B47462 /* Assets.xcassets in Resources */ = {isa = PBXBuildFile; fileRef = F58710B025F7611D00B47462 /* Assets.xcassets */; };
		F58710B425F7611D00B47462 /* Preview Assets.xcassets in Resources */ = {isa = PBXBuildFile; fileRef = F58710B325F7611D00B47462 /* Preview Assets.xcassets */; };
		F58710C025F761F500B47462 /* Podfile in Resources */ = {isa = PBXBuildFile; fileRef = F58710BF25F761F500B47462 /* Podfile */; };
		F5A9822E25F769C1005EB566 /* LoginView.swift in Sources */ = {isa = PBXBuildFile; fileRef = F5A9822D25F769C1005EB566 /* LoginView.swift */; };
		F5A9823825F7722C005EB566 /* SignupView.swift in Sources */ = {isa = PBXBuildFile; fileRef = F5A9823725F7722C005EB566 /* SignupView.swift */; };
		F5A9823C25F77814005EB566 /* MainView.swift in Sources */ = {isa = PBXBuildFile; fileRef = F5A9823B25F77814005EB566 /* MainView.swift */; };
/* End PBXBuildFile section */

/* Begin PBXFileReference section */
		458269F315DC784127169E03 /* Pods-Hidden Women.release.xcconfig */ = {isa = PBXFileReference; includeInIndex = 1; lastKnownFileType = text.xcconfig; name = "Pods-Hidden Women.release.xcconfig"; path = "Target Support Files/Pods-Hidden Women/Pods-Hidden Women.release.xcconfig"; sourceTree = "<group>"; };
		5A7EAA9B25FA535800D042E1 /* QuizGenerator.swift */ = {isa = PBXFileReference; lastKnownFileType = sourcecode.swift; path = QuizGenerator.swift; sourceTree = "<group>"; };
		705A41B9BC21EE8F556344AD /* Pods_Hidden_Women.framework */ = {isa = PBXFileReference; explicitFileType = wrapper.framework; includeInIndex = 0; path = Pods_Hidden_Women.framework; sourceTree = BUILT_PRODUCTS_DIR; };
		B63F52AB8DD47CBA998CF264 /* Pods-Hidden Women.debug.xcconfig */ = {isa = PBXFileReference; includeInIndex = 1; lastKnownFileType = text.xcconfig; name = "Pods-Hidden Women.debug.xcconfig"; path = "Target Support Files/Pods-Hidden Women/Pods-Hidden Women.debug.xcconfig"; sourceTree = "<group>"; };
		CB6826DD25FA172200A8190C /* QuizView.swift */ = {isa = PBXFileReference; lastKnownFileType = sourcecode.swift; path = QuizView.swift; sourceTree = "<group>"; };
		CB6826E125FA173600A8190C /* Quiz.swift */ = {isa = PBXFileReference; lastKnownFileType = sourcecode.swift; path = Quiz.swift; sourceTree = "<group>"; };
		CB6826E425FA236200A8190C /* MultipleQuizView.swift */ = {isa = PBXFileReference; lastKnownFileType = sourcecode.swift; path = MultipleQuizView.swift; sourceTree = "<group>"; };
		CB746FFC25F7FC62006795BB /* WomanView.swift */ = {isa = PBXFileReference; lastKnownFileType = sourcecode.swift; path = WomanView.swift; sourceTree = "<group>"; };
		CB746FFF25F7FC91006795BB /* Woman.swift */ = {isa = PBXFileReference; lastKnownFileType = sourcecode.swift; path = Woman.swift; sourceTree = "<group>"; };
		CB74700225F7FEF5006795BB /* WomenView.swift */ = {isa = PBXFileReference; lastKnownFileType = sourcecode.swift; path = WomenView.swift; sourceTree = "<group>"; };
		CB77369825FB79B000A5E550 /* TrueOrFalseGenerator.swift */ = {isa = PBXFileReference; lastKnownFileType = sourcecode.swift; path = TrueOrFalseGenerator.swift; sourceTree = "<group>"; };
		F53AA8B225F8B6D80045977A /* en */ = {isa = PBXFileReference; lastKnownFileType = text.plist.strings; name = en; path = en.lproj/Localizable.strings; sourceTree = "<group>"; };
		F53AA8B525F8B6FA0045977A /* es */ = {isa = PBXFileReference; lastKnownFileType = text.plist.strings; name = es; path = es.lproj/Localizable.strings; sourceTree = "<group>"; };
		F53AA8B725F8B7A10045977A /* ca */ = {isa = PBXFileReference; lastKnownFileType = text.plist.strings; name = ca; path = ca.lproj/Localizable.strings; sourceTree = "<group>"; };
		F53AA8BA25F8BD750045977A /* women.json */ = {isa = PBXFileReference; fileEncoding = 4; lastKnownFileType = text.json; path = women.json; sourceTree = "<group>"; };
		F53AA8BD25FA04890045977A /* SearchBarView.swift */ = {isa = PBXFileReference; lastKnownFileType = sourcecode.swift; path = SearchBarView.swift; sourceTree = "<group>"; };
		F53AA8C125FA0EA70045977A /* GuestWarningView.swift */ = {isa = PBXFileReference; lastKnownFileType = sourcecode.swift; path = GuestWarningView.swift; sourceTree = "<group>"; };
		F560939525FAB246000E8560 /* GoogleService-Info.plist */ = {isa = PBXFileReference; fileEncoding = 4; lastKnownFileType = text.plist.xml; path = "GoogleService-Info.plist"; sourceTree = "<group>"; };
		F560939925FB6CB7000E8560 /* TrueOrFalseView.swift */ = {isa = PBXFileReference; lastKnownFileType = sourcecode.swift; path = TrueOrFalseView.swift; sourceTree = "<group>"; };
		F560939C25FB6CD0000E8560 /* TrueOrFalse.swift */ = {isa = PBXFileReference; lastKnownFileType = sourcecode.swift; path = TrueOrFalse.swift; sourceTree = "<group>"; };
		F560939F25FB6F89000E8560 /* MultipleTrueOrFalseView.swift */ = {isa = PBXFileReference; lastKnownFileType = sourcecode.swift; path = MultipleTrueOrFalseView.swift; sourceTree = "<group>"; };
		F58710A925F7611C00B47462 /* Hidden Women.app */ = {isa = PBXFileReference; explicitFileType = wrapper.application; includeInIndex = 0; path = "Hidden Women.app"; sourceTree = BUILT_PRODUCTS_DIR; };
		F58710AC25F7611C00B47462 /* Hidden_WomenApp.swift */ = {isa = PBXFileReference; lastKnownFileType = sourcecode.swift; path = Hidden_WomenApp.swift; sourceTree = "<group>"; };
		F58710AE25F7611C00B47462 /* ContentView.swift */ = {isa = PBXFileReference; lastKnownFileType = sourcecode.swift; path = ContentView.swift; sourceTree = "<group>"; };
		F58710B025F7611D00B47462 /* Assets.xcassets */ = {isa = PBXFileReference; lastKnownFileType = folder.assetcatalog; path = Assets.xcassets; sourceTree = "<group>"; };
		F58710B325F7611D00B47462 /* Preview Assets.xcassets */ = {isa = PBXFileReference; lastKnownFileType = folder.assetcatalog; path = "Preview Assets.xcassets"; sourceTree = "<group>"; };
		F58710B525F7611D00B47462 /* Info.plist */ = {isa = PBXFileReference; lastKnownFileType = text.plist.xml; path = Info.plist; sourceTree = "<group>"; };
		F58710BF25F761F500B47462 /* Podfile */ = {isa = PBXFileReference; fileEncoding = 4; lastKnownFileType = text; path = Podfile; sourceTree = "<group>"; };
		F5A9822D25F769C1005EB566 /* LoginView.swift */ = {isa = PBXFileReference; lastKnownFileType = sourcecode.swift; path = LoginView.swift; sourceTree = "<group>"; };
		F5A9823725F7722C005EB566 /* SignupView.swift */ = {isa = PBXFileReference; lastKnownFileType = sourcecode.swift; path = SignupView.swift; sourceTree = "<group>"; };
		F5A9823B25F77814005EB566 /* MainView.swift */ = {isa = PBXFileReference; lastKnownFileType = sourcecode.swift; path = MainView.swift; sourceTree = "<group>"; };
/* End PBXFileReference section */

/* Begin PBXFrameworksBuildPhase section */
		F58710A625F7611C00B47462 /* Frameworks */ = {
			isa = PBXFrameworksBuildPhase;
			buildActionMask = 2147483647;
			files = (
				A4E50323795A6145608CA25E /* Pods_Hidden_Women.framework in Frameworks */,
			);
			runOnlyForDeploymentPostprocessing = 0;
		};
/* End PBXFrameworksBuildPhase section */

/* Begin PBXGroup section */
		1630D541B2F8E769D727BFC4 /* Pods */ = {
			isa = PBXGroup;
			children = (
				B63F52AB8DD47CBA998CF264 /* Pods-Hidden Women.debug.xcconfig */,
				458269F315DC784127169E03 /* Pods-Hidden Women.release.xcconfig */,
			);
			path = Pods;
			sourceTree = "<group>";
		};
		73813A3611205F20F37FA88D /* Frameworks */ = {
			isa = PBXGroup;
			children = (
				705A41B9BC21EE8F556344AD /* Pods_Hidden_Women.framework */,
			);
			name = Frameworks;
			sourceTree = "<group>";
		};
		CB6826DB25FA16E800A8190C /* Games */ = {
			isa = PBXGroup;
			children = (
				F560939825FB6CA0000E8560 /* TrueOrFalse */,
				CB6826DC25FA16F300A8190C /* Quiz */,
			);
			path = Games;
			sourceTree = "<group>";
		};
		CB6826DC25FA16F300A8190C /* Quiz */ = {
			isa = PBXGroup;
			children = (
				CB6826DD25FA172200A8190C /* QuizView.swift */,
				CB6826E125FA173600A8190C /* Quiz.swift */,
				CB6826E425FA236200A8190C /* MultipleQuizView.swift */,
				5A7EAA9B25FA535800D042E1 /* QuizGenerator.swift */,
			);
			path = Quiz;
			sourceTree = "<group>";
		};
		CB746FFB25F7FC48006795BB /* Women */ = {
			isa = PBXGroup;
			children = (
				CB746FFC25F7FC62006795BB /* WomanView.swift */,
				CB746FFF25F7FC91006795BB /* Woman.swift */,
				CB74700225F7FEF5006795BB /* WomenView.swift */,
				F53AA8BD25FA04890045977A /* SearchBarView.swift */,
			);
			path = Women;
			sourceTree = "<group>";
		};
		F53AA8B925F8BD500045977A /* Data */ = {
			isa = PBXGroup;
			children = (
				F53AA8BA25F8BD750045977A /* women.json */,
			);
			path = Data;
			sourceTree = "<group>";
		};
		F560939825FB6CA0000E8560 /* TrueOrFalse */ = {
			isa = PBXGroup;
			children = (
				F560939925FB6CB7000E8560 /* TrueOrFalseView.swift */,
				F560939C25FB6CD0000E8560 /* TrueOrFalse.swift */,
				F560939F25FB6F89000E8560 /* MultipleTrueOrFalseView.swift */,
				CB77369825FB79B000A5E550 /* TrueOrFalseGenerator.swift */,
			);
			path = TrueOrFalse;
			sourceTree = "<group>";
		};
		F58710A025F7611C00B47462 = {
			isa = PBXGroup;
			children = (
				F560939525FAB246000E8560 /* GoogleService-Info.plist */,
				F53AA8B925F8BD500045977A /* Data */,
				F53AA8B325F8B6D80045977A /* Localizable.strings */,
				F58710BF25F761F500B47462 /* Podfile */,
				F58710AB25F7611C00B47462 /* Hidden Women */,
				F58710AA25F7611C00B47462 /* Products */,
				1630D541B2F8E769D727BFC4 /* Pods */,
				73813A3611205F20F37FA88D /* Frameworks */,
			);
			sourceTree = "<group>";
		};
		F58710AA25F7611C00B47462 /* Products */ = {
			isa = PBXGroup;
			children = (
				F58710A925F7611C00B47462 /* Hidden Women.app */,
			);
			name = Products;
			sourceTree = "<group>";
		};
		F58710AB25F7611C00B47462 /* Hidden Women */ = {
			isa = PBXGroup;
			children = (
				CB6826DB25FA16E800A8190C /* Games */,
				CB746FFB25F7FC48006795BB /* Women */,
				F5A9823A25F777E5005EB566 /* Main */,
				F5A9823125F769DB005EB566 /* LogIn */,
				F58710AC25F7611C00B47462 /* Hidden_WomenApp.swift */,
				F58710AE25F7611C00B47462 /* ContentView.swift */,
				F58710B025F7611D00B47462 /* Assets.xcassets */,
				F58710B525F7611D00B47462 /* Info.plist */,
				F58710B225F7611D00B47462 /* Preview Content */,
			);
			path = "Hidden Women";
			sourceTree = "<group>";
		};
		F58710B225F7611D00B47462 /* Preview Content */ = {
			isa = PBXGroup;
			children = (
				F58710B325F7611D00B47462 /* Preview Assets.xcassets */,
			);
			path = "Preview Content";
			sourceTree = "<group>";
		};
		F5A9823125F769DB005EB566 /* LogIn */ = {
			isa = PBXGroup;
			children = (
				F5A9822D25F769C1005EB566 /* LoginView.swift */,
				F5A9823725F7722C005EB566 /* SignupView.swift */,
				F53AA8C125FA0EA70045977A /* GuestWarningView.swift */,
			);
			path = LogIn;
			sourceTree = "<group>";
		};
		F5A9823A25F777E5005EB566 /* Main */ = {
			isa = PBXGroup;
			children = (
				F5A9823B25F77814005EB566 /* MainView.swift */,
			);
			path = Main;
			sourceTree = "<group>";
		};
/* End PBXGroup section */

/* Begin PBXNativeTarget section */
		F58710A825F7611C00B47462 /* Hidden Women */ = {
			isa = PBXNativeTarget;
			buildConfigurationList = F58710B825F7611D00B47462 /* Build configuration list for PBXNativeTarget "Hidden Women" */;
			buildPhases = (
				3574E8AB0EABDCEE499545C6 /* [CP] Check Pods Manifest.lock */,
				F58710A525F7611C00B47462 /* Sources */,
				F58710A625F7611C00B47462 /* Frameworks */,
				F58710A725F7611C00B47462 /* Resources */,
				6ABC043F8BCC497E556898B6 /* [CP] Embed Pods Frameworks */,
			);
			buildRules = (
			);
			dependencies = (
			);
			name = "Hidden Women";
			productName = "Hidden Women";
			productReference = F58710A925F7611C00B47462 /* Hidden Women.app */;
			productType = "com.apple.product-type.application";
		};
/* End PBXNativeTarget section */

/* Begin PBXProject section */
		F58710A125F7611C00B47462 /* Project object */ = {
			isa = PBXProject;
			attributes = {
				LastSwiftUpdateCheck = 1240;
				LastUpgradeCheck = 1240;
				TargetAttributes = {
					F58710A825F7611C00B47462 = {
						CreatedOnToolsVersion = 12.4;
					};
				};
			};
			buildConfigurationList = F58710A425F7611C00B47462 /* Build configuration list for PBXProject "Hidden Women" */;
			compatibilityVersion = "Xcode 9.3";
			developmentRegion = en;
			hasScannedForEncodings = 0;
			knownRegions = (
				en,
				Base,
				es,
				ca,
			);
			mainGroup = F58710A025F7611C00B47462;
			productRefGroup = F58710AA25F7611C00B47462 /* Products */;
			projectDirPath = "";
			projectRoot = "";
			targets = (
				F58710A825F7611C00B47462 /* Hidden Women */,
			);
		};
/* End PBXProject section */

/* Begin PBXResourcesBuildPhase section */
		F58710A725F7611C00B47462 /* Resources */ = {
			isa = PBXResourcesBuildPhase;
			buildActionMask = 2147483647;
			files = (
				F53AA8B125F8B6D80045977A /* Localizable.strings in Resources */,
				F58710B425F7611D00B47462 /* Preview Assets.xcassets in Resources */,
				F58710B125F7611D00B47462 /* Assets.xcassets in Resources */,
				F58710C025F761F500B47462 /* Podfile in Resources */,
				F53AA8BB25F8BD750045977A /* women.json in Resources */,
				F560939625FAB246000E8560 /* GoogleService-Info.plist in Resources */,
			);
			runOnlyForDeploymentPostprocessing = 0;
		};
/* End PBXResourcesBuildPhase section */

/* Begin PBXShellScriptBuildPhase section */
		3574E8AB0EABDCEE499545C6 /* [CP] Check Pods Manifest.lock */ = {
			isa = PBXShellScriptBuildPhase;
			buildActionMask = 2147483647;
			files = (
			);
			inputFileListPaths = (
			);
			inputPaths = (
				"${PODS_PODFILE_DIR_PATH}/Podfile.lock",
				"${PODS_ROOT}/Manifest.lock",
			);
			name = "[CP] Check Pods Manifest.lock";
			outputFileListPaths = (
			);
			outputPaths = (
				"$(DERIVED_FILE_DIR)/Pods-Hidden Women-checkManifestLockResult.txt",
			);
			runOnlyForDeploymentPostprocessing = 0;
			shellPath = /bin/sh;
			shellScript = "diff \"${PODS_PODFILE_DIR_PATH}/Podfile.lock\" \"${PODS_ROOT}/Manifest.lock\" > /dev/null\nif [ $? != 0 ] ; then\n    # print error to STDERR\n    echo \"error: The sandbox is not in sync with the Podfile.lock. Run 'pod install' or update your CocoaPods installation.\" >&2\n    exit 1\nfi\n# This output is used by Xcode 'outputs' to avoid re-running this script phase.\necho \"SUCCESS\" > \"${SCRIPT_OUTPUT_FILE_0}\"\n";
			showEnvVarsInLog = 0;
		};
		6ABC043F8BCC497E556898B6 /* [CP] Embed Pods Frameworks */ = {
			isa = PBXShellScriptBuildPhase;
			buildActionMask = 2147483647;
			files = (
			);
			inputFileListPaths = (
				"${PODS_ROOT}/Target Support Files/Pods-Hidden Women/Pods-Hidden Women-frameworks-${CONFIGURATION}-input-files.xcfilelist",
			);
			name = "[CP] Embed Pods Frameworks";
			outputFileListPaths = (
				"${PODS_ROOT}/Target Support Files/Pods-Hidden Women/Pods-Hidden Women-frameworks-${CONFIGURATION}-output-files.xcfilelist",
			);
			runOnlyForDeploymentPostprocessing = 0;
			shellPath = /bin/sh;
			shellScript = "\"${PODS_ROOT}/Target Support Files/Pods-Hidden Women/Pods-Hidden Women-frameworks.sh\"\n";
			showEnvVarsInLog = 0;
		};
/* End PBXShellScriptBuildPhase section */

/* Begin PBXSourcesBuildPhase section */
		F58710A525F7611C00B47462 /* Sources */ = {
			isa = PBXSourcesBuildPhase;
			buildActionMask = 2147483647;
			files = (
				5A7EAA9C25FA535800D042E1 /* QuizGenerator.swift in Sources */,
				F56093A025FB6F89000E8560 /* MultipleTrueOrFalseView.swift in Sources */,
				F5A9823825F7722C005EB566 /* SignupView.swift in Sources */,
				CB6826E525FA236200A8190C /* MultipleQuizView.swift in Sources */,
				F560939A25FB6CB7000E8560 /* TrueOrFalseView.swift in Sources */,
				F560939D25FB6CD0000E8560 /* TrueOrFalse.swift in Sources */,
				F53AA8BE25FA04890045977A /* SearchBarView.swift in Sources */,
				CB6826E225FA173600A8190C /* Quiz.swift in Sources */,
				CB6826DE25FA172200A8190C /* QuizView.swift in Sources */,
				F5A9822E25F769C1005EB566 /* LoginView.swift in Sources */,
				CB74700025F7FC91006795BB /* Woman.swift in Sources */,
				CB74700325F7FEF5006795BB /* WomenView.swift in Sources */,
				F5A9823C25F77814005EB566 /* MainView.swift in Sources */,
				F58710AF25F7611C00B47462 /* ContentView.swift in Sources */,
				F58710AD25F7611C00B47462 /* Hidden_WomenApp.swift in Sources */,
				F53AA8C225FA0EA70045977A /* GuestWarningView.swift in Sources */,
				CB77369925FB79B000A5E550 /* TrueOrFalseGenerator.swift in Sources */,
				CB746FFD25F7FC62006795BB /* WomanView.swift in Sources */,
			);
			runOnlyForDeploymentPostprocessing = 0;
		};
/* End PBXSourcesBuildPhase section */

/* Begin PBXVariantGroup section */
		F53AA8B325F8B6D80045977A /* Localizable.strings */ = {
			isa = PBXVariantGroup;
			children = (
				F53AA8B225F8B6D80045977A /* en */,
				F53AA8B525F8B6FA0045977A /* es */,
				F53AA8B725F8B7A10045977A /* ca */,
			);
			name = Localizable.strings;
			sourceTree = "<group>";
		};
/* End PBXVariantGroup section */

/* Begin XCBuildConfiguration section */
		F58710B625F7611D00B47462 /* Debug */ = {
			isa = XCBuildConfiguration;
			buildSettings = {
				ALWAYS_SEARCH_USER_PATHS = NO;
				CLANG_ANALYZER_LOCALIZABILITY_NONLOCALIZED = YES;
				CLANG_ANALYZER_NONNULL = YES;
				CLANG_ANALYZER_NUMBER_OBJECT_CONVERSION = YES_AGGRESSIVE;
				CLANG_CXX_LANGUAGE_STANDARD = "gnu++14";
				CLANG_CXX_LIBRARY = "libc++";
				CLANG_ENABLE_MODULES = YES;
				CLANG_ENABLE_OBJC_ARC = YES;
				CLANG_ENABLE_OBJC_WEAK = YES;
				CLANG_WARN_BLOCK_CAPTURE_AUTORELEASING = YES;
				CLANG_WARN_BOOL_CONVERSION = YES;
				CLANG_WARN_COMMA = YES;
				CLANG_WARN_CONSTANT_CONVERSION = YES;
				CLANG_WARN_DEPRECATED_OBJC_IMPLEMENTATIONS = YES;
				CLANG_WARN_DIRECT_OBJC_ISA_USAGE = YES_ERROR;
				CLANG_WARN_DOCUMENTATION_COMMENTS = YES;
				CLANG_WARN_EMPTY_BODY = YES;
				CLANG_WARN_ENUM_CONVERSION = YES;
				CLANG_WARN_INFINITE_RECURSION = YES;
				CLANG_WARN_INT_CONVERSION = YES;
				CLANG_WARN_NON_LITERAL_NULL_CONVERSION = YES;
				CLANG_WARN_OBJC_IMPLICIT_RETAIN_SELF = YES;
				CLANG_WARN_OBJC_LITERAL_CONVERSION = YES;
				CLANG_WARN_OBJC_ROOT_CLASS = YES_ERROR;
				CLANG_WARN_QUOTED_INCLUDE_IN_FRAMEWORK_HEADER = YES;
				CLANG_WARN_RANGE_LOOP_ANALYSIS = YES;
				CLANG_WARN_STRICT_PROTOTYPES = YES;
				CLANG_WARN_SUSPICIOUS_MOVE = YES;
				CLANG_WARN_UNGUARDED_AVAILABILITY = YES_AGGRESSIVE;
				CLANG_WARN_UNREACHABLE_CODE = YES;
				CLANG_WARN__DUPLICATE_METHOD_MATCH = YES;
				COPY_PHASE_STRIP = NO;
				DEBUG_INFORMATION_FORMAT = dwarf;
				ENABLE_STRICT_OBJC_MSGSEND = YES;
				ENABLE_TESTABILITY = YES;
				GCC_C_LANGUAGE_STANDARD = gnu11;
				GCC_DYNAMIC_NO_PIC = NO;
				GCC_NO_COMMON_BLOCKS = YES;
				GCC_OPTIMIZATION_LEVEL = 0;
				GCC_PREPROCESSOR_DEFINITIONS = (
					"DEBUG=1",
					"$(inherited)",
				);
				GCC_WARN_64_TO_32_BIT_CONVERSION = YES;
				GCC_WARN_ABOUT_RETURN_TYPE = YES_ERROR;
				GCC_WARN_UNDECLARED_SELECTOR = YES;
				GCC_WARN_UNINITIALIZED_AUTOS = YES_AGGRESSIVE;
				GCC_WARN_UNUSED_FUNCTION = YES;
				GCC_WARN_UNUSED_VARIABLE = YES;
				IPHONEOS_DEPLOYMENT_TARGET = 14.4;
				MTL_ENABLE_DEBUG_INFO = INCLUDE_SOURCE;
				MTL_FAST_MATH = YES;
				ONLY_ACTIVE_ARCH = YES;
				SDKROOT = iphoneos;
				SWIFT_ACTIVE_COMPILATION_CONDITIONS = DEBUG;
				SWIFT_OPTIMIZATION_LEVEL = "-Onone";
			};
			name = Debug;
		};
		F58710B725F7611D00B47462 /* Release */ = {
			isa = XCBuildConfiguration;
			buildSettings = {
				ALWAYS_SEARCH_USER_PATHS = NO;
				CLANG_ANALYZER_LOCALIZABILITY_NONLOCALIZED = YES;
				CLANG_ANALYZER_NONNULL = YES;
				CLANG_ANALYZER_NUMBER_OBJECT_CONVERSION = YES_AGGRESSIVE;
				CLANG_CXX_LANGUAGE_STANDARD = "gnu++14";
				CLANG_CXX_LIBRARY = "libc++";
				CLANG_ENABLE_MODULES = YES;
				CLANG_ENABLE_OBJC_ARC = YES;
				CLANG_ENABLE_OBJC_WEAK = YES;
				CLANG_WARN_BLOCK_CAPTURE_AUTORELEASING = YES;
				CLANG_WARN_BOOL_CONVERSION = YES;
				CLANG_WARN_COMMA = YES;
				CLANG_WARN_CONSTANT_CONVERSION = YES;
				CLANG_WARN_DEPRECATED_OBJC_IMPLEMENTATIONS = YES;
				CLANG_WARN_DIRECT_OBJC_ISA_USAGE = YES_ERROR;
				CLANG_WARN_DOCUMENTATION_COMMENTS = YES;
				CLANG_WARN_EMPTY_BODY = YES;
				CLANG_WARN_ENUM_CONVERSION = YES;
				CLANG_WARN_INFINITE_RECURSION = YES;
				CLANG_WARN_INT_CONVERSION = YES;
				CLANG_WARN_NON_LITERAL_NULL_CONVERSION = YES;
				CLANG_WARN_OBJC_IMPLICIT_RETAIN_SELF = YES;
				CLANG_WARN_OBJC_LITERAL_CONVERSION = YES;
				CLANG_WARN_OBJC_ROOT_CLASS = YES_ERROR;
				CLANG_WARN_QUOTED_INCLUDE_IN_FRAMEWORK_HEADER = YES;
				CLANG_WARN_RANGE_LOOP_ANALYSIS = YES;
				CLANG_WARN_STRICT_PROTOTYPES = YES;
				CLANG_WARN_SUSPICIOUS_MOVE = YES;
				CLANG_WARN_UNGUARDED_AVAILABILITY = YES_AGGRESSIVE;
				CLANG_WARN_UNREACHABLE_CODE = YES;
				CLANG_WARN__DUPLICATE_METHOD_MATCH = YES;
				COPY_PHASE_STRIP = NO;
				DEBUG_INFORMATION_FORMAT = "dwarf-with-dsym";
				ENABLE_NS_ASSERTIONS = NO;
				ENABLE_STRICT_OBJC_MSGSEND = YES;
				GCC_C_LANGUAGE_STANDARD = gnu11;
				GCC_NO_COMMON_BLOCKS = YES;
				GCC_WARN_64_TO_32_BIT_CONVERSION = YES;
				GCC_WARN_ABOUT_RETURN_TYPE = YES_ERROR;
				GCC_WARN_UNDECLARED_SELECTOR = YES;
				GCC_WARN_UNINITIALIZED_AUTOS = YES_AGGRESSIVE;
				GCC_WARN_UNUSED_FUNCTION = YES;
				GCC_WARN_UNUSED_VARIABLE = YES;
				IPHONEOS_DEPLOYMENT_TARGET = 14.4;
				MTL_ENABLE_DEBUG_INFO = NO;
				MTL_FAST_MATH = YES;
				SDKROOT = iphoneos;
				SWIFT_COMPILATION_MODE = wholemodule;
				SWIFT_OPTIMIZATION_LEVEL = "-O";
				VALIDATE_PRODUCT = YES;
			};
			name = Release;
		};
		F58710B925F7611D00B47462 /* Debug */ = {
			isa = XCBuildConfiguration;
			baseConfigurationReference = B63F52AB8DD47CBA998CF264 /* Pods-Hidden Women.debug.xcconfig */;
			buildSettings = {
				ASSETCATALOG_COMPILER_APPICON_NAME = AppIcon;
				ASSETCATALOG_COMPILER_GLOBAL_ACCENT_COLOR_NAME = AccentColor;
				CODE_SIGN_STYLE = Automatic;
				DEVELOPMENT_ASSET_PATHS = "\"Hidden Women/Preview Content\"";
				DEVELOPMENT_TEAM = 4RCKB928F2;
				ENABLE_PREVIEWS = YES;
				INFOPLIST_FILE = "Hidden Women/Info.plist";
				IPHONEOS_DEPLOYMENT_TARGET = 14.0;
				LD_RUNPATH_SEARCH_PATHS = (
					"$(inherited)",
					"@executable_path/Frameworks",
				);
				PRODUCT_BUNDLE_IDENTIFIER = "girl4stem.Hidden-Women";
				PRODUCT_NAME = "$(TARGET_NAME)";
				SWIFT_VERSION = 5.0;
				TARGETED_DEVICE_FAMILY = "1,2";
			};
			name = Debug;
		};
		F58710BA25F7611D00B47462 /* Release */ = {
			isa = XCBuildConfiguration;
			baseConfigurationReference = 458269F315DC784127169E03 /* Pods-Hidden Women.release.xcconfig */;
			buildSettings = {
				ASSETCATALOG_COMPILER_APPICON_NAME = AppIcon;
				ASSETCATALOG_COMPILER_GLOBAL_ACCENT_COLOR_NAME = AccentColor;
				CODE_SIGN_STYLE = Automatic;
				DEVELOPMENT_ASSET_PATHS = "\"Hidden Women/Preview Content\"";
				DEVELOPMENT_TEAM = 4RCKB928F2;
				ENABLE_PREVIEWS = YES;
				INFOPLIST_FILE = "Hidden Women/Info.plist";
				IPHONEOS_DEPLOYMENT_TARGET = 14.0;
				LD_RUNPATH_SEARCH_PATHS = (
					"$(inherited)",
					"@executable_path/Frameworks",
				);
				PRODUCT_BUNDLE_IDENTIFIER = "girl4stem.Hidden-Women";
				PRODUCT_NAME = "$(TARGET_NAME)";
				SWIFT_VERSION = 5.0;
				TARGETED_DEVICE_FAMILY = "1,2";
			};
			name = Release;
		};
/* End XCBuildConfiguration section */

/* Begin XCConfigurationList section */
		F58710A425F7611C00B47462 /* Build configuration list for PBXProject "Hidden Women" */ = {
			isa = XCConfigurationList;
			buildConfigurations = (
				F58710B625F7611D00B47462 /* Debug */,
				F58710B725F7611D00B47462 /* Release */,
			);
			defaultConfigurationIsVisible = 0;
			defaultConfigurationName = Release;
		};
		F58710B825F7611D00B47462 /* Build configuration list for PBXNativeTarget "Hidden Women" */ = {
			isa = XCConfigurationList;
			buildConfigurations = (
				F58710B925F7611D00B47462 /* Debug */,
				F58710BA25F7611D00B47462 /* Release */,
			);
			defaultConfigurationIsVisible = 0;
			defaultConfigurationName = Release;
		};
/* End XCConfigurationList section */
	};
	rootObject = F58710A125F7611C00B47462 /* Project object */;
}
